
Microsoft Visual Studio Solution File, Format Version 12.00
Project("{FAE04EC0-301F-11D3-BF4B-00C04F79EFBC}") = "Forum-Dyskusyjne", "Forum-Dyskusyjne\Forum-Dyskusyjne.csproj", "{E4A74444-1F2A-4962-83B0-90CA7BF248F5}"
EndProject
Global
	GlobalSection(SolutionConfigurationPlatforms) = preSolution
		Debug|Any CPU = Debug|Any CPU
		Release|Any CPU = Release|Any CPU
	EndGlobalSection
	GlobalSection(ProjectConfigurationPlatforms) = postSolution
		{E4A74444-1F2A-4962-83B0-90CA7BF248F5}.Debug|Any CPU.ActiveCfg = Debug|Any CPU
		{E4A74444-1F2A-4962-83B0-90CA7BF248F5}.Debug|Any CPU.Build.0 = Debug|Any CPU
		{E4A74444-1F2A-4962-83B0-90CA7BF248F5}.Release|Any CPU.ActiveCfg = Release|Any CPU
		{E4A74444-1F2A-4962-83B0-90CA7BF248F5}.Release|Any CPU.Build.0 = Release|Any CPU
	EndGlobalSection
EndGlobal
